version: 6
environments:
  default:
    channels:
    - url: https://conda.anaconda.org/conda-forge/
    options:
      pypi-prerelease-mode: if-necessary-or-explicit
    packages:
      linux-64:
      - conda: https://conda.anaconda.org/conda-forge/linux-64/_go_select-2.3.0-cgo.tar.bz2
      - conda: https://conda.anaconda.org/conda-forge/linux-64/_libgcc_mutex-0.1-conda_forge.tar.bz2
      - conda: https://conda.anaconda.org/conda-forge/linux-64/_openmp_mutex-4.5-2_gnu.tar.bz2
      - conda: https://conda.anaconda.org/conda-forge/linux-64/go-1.25.5-h282a287_0.conda
      - conda: https://conda.anaconda.org/conda-forge/linux-64/hugo-0.154.5-hecca717_0.conda
      - conda: https://conda.anaconda.org/conda-forge/linux-64/libgcc-15.2.0-he0feb66_16.conda
      - conda: https://conda.anaconda.org/conda-forge/linux-64/libgfortran-15.2.0-h69a702a_16.conda
      - conda: https://conda.anaconda.org/conda-forge/linux-64/libgfortran5-15.2.0-h68bc16d_16.conda
      - conda: https://conda.anaconda.org/conda-forge/linux-64/libgomp-15.2.0-he0feb66_16.conda
      - conda: https://conda.anaconda.org/conda-forge/linux-64/libstdcxx-15.2.0-h934c35e_16.conda
      osx-64:
      - conda: https://conda.anaconda.org/conda-forge/osx-64/_go_select-2.3.0-cgo.tar.bz2
      - conda: https://conda.anaconda.org/conda-forge/osx-64/_openmp_mutex-4.5-7_kmp_llvm.conda
      - conda: https://conda.anaconda.org/conda-forge/osx-64/go-1.25.5-h8227ba6_0.conda
      - conda: https://conda.anaconda.org/conda-forge/osx-64/hugo-0.154.5-h0938e48_0.conda
      - conda: https://conda.anaconda.org/conda-forge/osx-64/libcxx-21.1.8-h3d58e20_0.conda
      - conda: https://conda.anaconda.org/conda-forge/osx-64/libgcc-15.2.0-h08519bb_15.conda
      - conda: https://conda.anaconda.org/conda-forge/osx-64/libgfortran-15.2.0-h7e5c614_15.conda
      - conda: https://conda.anaconda.org/conda-forge/osx-64/libgfortran5-15.2.0-hd16e46c_15.conda
      - conda: https://conda.anaconda.org/conda-forge/osx-64/llvm-openmp-21.1.8-h472b3d1_0.conda
      osx-arm64:
      - conda: https://conda.anaconda.org/conda-forge/osx-arm64/_go_select-2.3.0-cgo.tar.bz2
      - conda: https://conda.anaconda.org/conda-forge/osx-arm64/_openmp_mutex-4.5-7_kmp_llvm.conda
      - conda: https://conda.anaconda.org/conda-forge/osx-arm64/go-1.25.5-h56ed88c_0.conda
      - conda: https://conda.anaconda.org/conda-forge/osx-arm64/hugo-0.154.5-ha4d9615_0.conda
      - conda: https://conda.anaconda.org/conda-forge/osx-arm64/libcxx-21.1.8-hf598326_0.conda
      - conda: https://conda.anaconda.org/conda-forge/osx-arm64/libgcc-15.2.0-hcbb3090_16.conda
      - conda: https://conda.anaconda.org/conda-forge/osx-arm64/libgfortran-15.2.0-h07b0088_16.conda
      - conda: https://conda.anaconda.org/conda-forge/osx-arm64/libgfortran5-15.2.0-hdae7583_16.conda
      - conda: https://conda.anaconda.org/conda-forge/osx-arm64/llvm-openmp-21.1.8-h4a912ad_0.conda
      win-64:
      - conda: https://conda.anaconda.org/conda-forge/win-64/_go_select-2.3.0-cgo.tar.bz2
      - conda: https://conda.anaconda.org/conda-forge/win-64/_openmp_mutex-4.5-2_gnu.conda
      - conda: https://conda.anaconda.org/conda-forge/win-64/go-1.25.5-h59133dd_0.conda
      - conda: https://conda.anaconda.org/conda-forge/win-64/hugo-0.154.5-ha2862d8_0.conda
      - conda: https://conda.anaconda.org/conda-forge/win-64/libgcc-15.2.0-h8ee18e1_16.conda
      - conda: https://conda.anaconda.org/conda-forge/win-64/libgfortran-15.2.0-h719f0c7_16.conda
      - conda: https://conda.anaconda.org/conda-forge/win-64/libgfortran5-15.2.0-h44d81a7_16.conda
      - conda: https://conda.anaconda.org/conda-forge/win-64/libgomp-15.2.0-h8ee18e1_16.conda
      - conda: https://conda.anaconda.org/conda-forge/win-64/libstdcxx-15.2.0-hae5796f_16.conda
      - conda: https://conda.anaconda.org/conda-forge/win-64/libwinpthread-12.0.0.r4.gg4f2fc60ca-h57928b3_10.conda
      - conda: https://conda.anaconda.org/conda-forge/win-64/ucrt-10.0.26100.0-h57928b3_0.conda
packages:
- conda: https://conda.anaconda.org/conda-forge/linux-64/_go_select-2.3.0-cgo.tar.bz2
  sha256: d86836d4f3094b4ac149dcdc55f1f12be6e84ed1206a4234404a024e49769832
  md5: 76f94c0e00d08432e003a7b54a1adf53
  license: BSD-3-Clause
  license_family: BSD
  size: 4875
  timestamp: 1586504607438
- conda: https://conda.anaconda.org/conda-forge/osx-64/_go_select-2.3.0-cgo.tar.bz2
  sha256: faf9b29f369ccf41da3998b00945e56daa331d01a8ffe7832e45651db0716028
  md5: 4c1913031a736507963a5fb938cefe85
  license: BSD-3-Clause
  license_family: BSD
  size: 4770
  timestamp: 1586504733574
- conda: https://conda.anaconda.org/conda-forge/osx-arm64/_go_select-2.3.0-cgo.tar.bz2
  sha256: 5cd5dd9817d0d671ad3e2f85c967b4dcd1a297a686b7d5820e625e2f4f962558
  md5: 79a39651abfce773c2948175d9b62986
  license: BSD-3-Clause
  license_family: BSD
  size: 5074
  timestamp: 1627073534014
- conda: https://conda.anaconda.org/conda-forge/win-64/_go_select-2.3.0-cgo.tar.bz2
  sha256: a54dfd3f55478ff1990346e56aeb21c272009a94251006bc57e9655f7959c2d2
  md5: ac9d4716aba72e6306745aaee8de14d7
  license: BSD-3-Clause
  license_family: BSD
  size: 4818
  timestamp: 1586504745340
- conda: https://conda.anaconda.org/conda-forge/linux-64/_libgcc_mutex-0.1-conda_forge.tar.bz2
  sha256: fe51de6107f9edc7aa4f786a70f4a883943bc9d39b3bb7307c04c41410990726
  md5: d7c89558ba9fa0495403155b64376d81
  license: None
  size: 2562
  timestamp: 1578324546067
- conda: https://conda.anaconda.org/conda-forge/linux-64/_openmp_mutex-4.5-2_gnu.tar.bz2
  build_number: 16
  sha256: fbe2c5e56a653bebb982eda4876a9178aedfc2b545f25d0ce9c4c0b508253d22
  md5: 73aaf86a425cc6e73fcf236a5a46396d
  depends:
  - _libgcc_mutex 0.1 conda_forge
  - libgomp >=7.5.0
  constrains:
  - openmp_impl 9999
  license: BSD-3-Clause
  license_family: BSD
  size: 23621
  timestamp: 1650670423406
- conda: https://conda.anaconda.org/conda-forge/osx-64/_openmp_mutex-4.5-7_kmp_llvm.conda
  build_number: 7
  sha256: 30006902a9274de8abdad5a9f02ef7c8bb3d69a503486af0c1faee30b023e5b7
  md5: eaac87c21aff3ed21ad9656697bb8326
  depends:
  - llvm-openmp >=9.0.1
  license: BSD-3-Clause
  license_family: BSD
  size: 8328
  timestamp: 1764092562779
- conda: https://conda.anaconda.org/conda-forge/osx-arm64/_openmp_mutex-4.5-7_kmp_llvm.conda
  build_number: 7
  sha256: 7acaa2e0782cad032bdaf756b536874346ac1375745fb250e9bdd6a48a7ab3cd
  md5: a44032f282e7d2acdeb1c240308052dd
  depends:
  - llvm-openmp >=9.0.1
  license: BSD-3-Clause
  license_family: BSD
  size: 8325
  timestamp: 1764092507920
- conda: https://conda.anaconda.org/conda-forge/win-64/_openmp_mutex-4.5-2_gnu.conda
  build_number: 8
  sha256: 1a62cd1f215fe0902e7004089693a78347a30ad687781dfda2289cab000e652d
  md5: 37e16618af5c4851a3f3d66dd0e11141
  depends:
  - libgomp >=7.5.0
  - libwinpthread >=12.0.0.r2.ggc561118da
  constrains:
  - openmp_impl 9999
  - msys2-conda-epoch <0.0a0
  license: BSD-3-Clause
  license_family: BSD
  size: 49468
  timestamp: 1718213032772
- conda: https://conda.anaconda.org/conda-forge/linux-64/go-1.25.5-h282a287_0.conda
  sha256: 86dca7d01e270023c02bd000a3388b4eeca7027b969434505b4a1f603edcc5b1
  md5: 83ec6b408393bc7c09c9ca51cb1217a2
  depends:
  - __glibc >=2.17,<3.0.a0
  - _go_select 2.3.0 cgo
  - libgcc >=14
  - libgfortran
  - libgfortran5 >=14.3.0
  - libstdcxx >=14
  constrains:
  - gcc_linux-64 14.*
  - gxx_linux-64 14.*
  - gfortran_linux-64 14.*
  license: BSD-3-Clause
  license_family: BSD
  size: 48356517
  timestamp: 1764700927354
- conda: https://conda.anaconda.org/conda-forge/osx-64/go-1.25.5-h8227ba6_0.conda
  sha256: 88424154ae9efc7a7f8d094a494314b6fc26f190d1e9d6f142909d03a374a4d9
  md5: 42f5719c51e6d4896fe532bd67f79447
  depends:
  - __osx >=12.3
  - _go_select 2.3.0 cgo
  - libcxx >=19
  - libgfortran
  - libgfortran5 >=14.3.0
  constrains:
  - gfortran_osx-64 14.*
  - clang_osx-64 19.*
  - clangxx_osx-64 19.*
  license: BSD-3-Clause
  license_family: BSD
  size: 48554344
  timestamp: 1764701067089
- conda: https://conda.anaconda.org/conda-forge/osx-arm64/go-1.25.5-h56ed88c_0.conda
  sha256: 0c7c644b5337ed9f0305107abdb53d2c9c4ed27be90ca6d40dacc2372cefc6f9
  md5: acd52f6bc1a5a7701967ce79925febdb
  depends:
  - __osx >=12.3
  - _go_select 2.3.0 cgo
  - libcxx >=19
  - libgfortran
  - libgfortran5 >=14.3.0
  constrains:
  - clangxx_osx-arm64 19.*
  - gfortran_osx-arm64 14.*
  - clang_osx-arm64 19.*
  license: BSD-3-Clause
  license_family: BSD
  size: 69113213
  timestamp: 1764700976843
- conda: https://conda.anaconda.org/conda-forge/win-64/go-1.25.5-h59133dd_0.conda
  sha256: ef2849a246172a16ea20ab8d1144d714f21b2e690475a0d4d533bbb1e74ee693
  md5: 4f699c27c6b6df668416324d46b40e8a
  depends:
  - _go_select 2.3.0 cgo
  - libgcc >=14
  - libgfortran
  - libgfortran5 >=14.3.0
  - libstdcxx >=14
  - libwinpthread >=12.0.0.r4.gg4f2fc60ca
  - ucrt >=10.0.20348.0
  constrains:
  - gfortran_win-64 14.*
  - gcc_win-64 14.*
  - gxx_win-64 14.*
  license: BSD-3-Clause
  license_family: BSD
  size: 49328799
  timestamp: 1764701151863
- conda: https://conda.anaconda.org/conda-forge/linux-64/hugo-0.154.5-hecca717_0.conda
  sha256: d0d56f2985803009f5248a76ba33baf272b41b528fe9208a0d7c2885690c51ab
  md5: ea4d50a3273a01ba462643709d71b9cd
  depends:
  - __glibc >=2.17
  - __glibc >=2.17,<3.0.a0
  - libgcc >=14
  - libstdcxx >=14
  license: Apache-2.0
  license_family: APACHE
  size: 18403168
  timestamp: 1768298518899
- conda: https://conda.anaconda.org/conda-forge/osx-64/hugo-0.154.5-h0938e48_0.conda
  sha256: 87c6b97dc39886f6ecc2bd24a003e169fa8f393887314329a8a0d671178d6f5a
  md5: bd0666a44ef7405728560a8e123814d5
  depends:
  - __osx >=12.3
  - libcxx >=19
  constrains:
  - __osx>=10.12
  license: Apache-2.0
  license_family: APACHE
  size: 17548343
  timestamp: 1768299042845
- conda: https://conda.anaconda.org/conda-forge/osx-arm64/hugo-0.154.5-ha4d9615_0.conda
  sha256: a87f25e4890b876cc9b6d3d9cd035290dc4edf11a3f84f5093cc06d064bd5fb3
  md5: e922799404b96cc8d9529efd335b4ff7
  depends:
  - __osx >=12.3
  - libcxx >=19
  license: Apache-2.0
  license_family: APACHE
  size: 16271300
  timestamp: 1768299292109
- conda: https://conda.anaconda.org/conda-forge/win-64/hugo-0.154.5-ha2862d8_0.conda
  sha256: 775e393cd22ccc823701cdabb82abc20d24596ea171de75f8eeaa51c975af6de
  md5: ae4183c9b1c8c0584eabeb176d451c6f
  depends:
  - ucrt >=10.0.20348.0
  license: Apache-2.0
  license_family: APACHE
  size: 17960950
  timestamp: 1768298822678
- conda: https://conda.anaconda.org/conda-forge/osx-64/libcxx-21.1.8-h3d58e20_0.conda
  sha256: cbd8e821e97436d8fc126c24b50df838b05ba4c80494fbb93ccaf2e3b2d109fb
  md5: 9f8a60a77ecafb7966ca961c94f33bd1
  depends:
  - __osx >=10.13
  license: Apache-2.0 WITH LLVM-exception
  license_family: Apache
  size: 569777
  timestamp: 1765919624323
- conda: https://conda.anaconda.org/conda-forge/osx-arm64/libcxx-21.1.8-hf598326_0.conda
  sha256: 82e228975fd491bcf1071ecd0a6ec2a0fcc5f57eb0bd1d52cb13a18d57c67786
  md5: 780f0251b757564e062187044232c2b7
  depends:
  - __osx >=11.0
  license: Apache-2.0 WITH LLVM-exception
  license_family: Apache
  size: 569118
  timestamp: 1765919724254
- conda: https://conda.anaconda.org/conda-forge/linux-64/libgcc-15.2.0-he0feb66_16.conda
  sha256: 6eed58051c2e12b804d53ceff5994a350c61baf117ec83f5f10c953a3f311451
  md5: 6d0363467e6ed84f11435eb309f2ff06
  depends:
  - __glibc >=2.17,<3.0.a0
  - _openmp_mutex >=4.5
  constrains:
  - libgcc-ng ==15.2.0=*_16
  - libgomp 15.2.0 he0feb66_16
  license: GPL-3.0-only WITH GCC-exception-3.1
  license_family: GPL
  size: 1042798
  timestamp: 1765256792743
- conda: https://conda.anaconda.org/conda-forge/osx-64/libgcc-15.2.0-h08519bb_15.conda
  sha256: e04b115ae32f8cbf95905971856ff557b296511735f4e1587b88abf519ff6fb8
  md5: c816665789d1e47cdfd6da8a81e1af64
  depends:
  - _openmp_mutex
  constrains:
  - libgomp 15.2.0 15
  - libgcc-ng ==15.2.0=*_15
  license: GPL-3.0-only WITH GCC-exception-3.1
  license_family: GPL
  size: 422960
  timestamp: 1764839601296
- conda: https://conda.anaconda.org/conda-forge/osx-arm64/libgcc-15.2.0-hcbb3090_16.conda
  sha256: 646c91dbc422fe92a5f8a3a5409c9aac66549f4ce8f8d1cab7c2aa5db789bb69
  md5: 8b216bac0de7a9d60f3ddeba2515545c
  depends:
  - _openmp_mutex
  constrains:
  - libgcc-ng ==15.2.0=*_16
  - libgomp 15.2.0 16
  license: GPL-3.0-only WITH GCC-exception-3.1
  license_family: GPL
  size: 402197
  timestamp: 1765258985740
- conda: https://conda.anaconda.org/conda-forge/win-64/libgcc-15.2.0-h8ee18e1_16.conda
  sha256: 24984e1e768440ba73021f08a1da0c1ec957b30d7071b9a89b877a273d17cae8
  md5: 1edb8bd8e093ebd31558008e9cb23b47
  depends:
  - _openmp_mutex >=4.5
  - libwinpthread >=12.0.0.r4.gg4f2fc60ca
  constrains:
  - libgomp 15.2.0 h8ee18e1_16
  - libgcc-ng ==15.2.0=*_16
  - msys2-conda-epoch <0.0a0
  license: GPL-3.0-only WITH GCC-exception-3.1
  license_family: GPL
  size: 819696
  timestamp: 1765260437409
- conda: https://conda.anaconda.org/conda-forge/linux-64/libgfortran-15.2.0-h69a702a_16.conda
  sha256: 8a7b01e1ee1c462ad243524d76099e7174ebdd94ff045fe3e9b1e58db196463b
  md5: 40d9b534410403c821ff64f00d0adc22
  depends:
  - libgfortran5 15.2.0 h68bc16d_16
  constrains:
  - libgfortran-ng ==15.2.0=*_16
  license: GPL-3.0-only WITH GCC-exception-3.1
  license_family: GPL
  size: 27215
  timestamp: 1765256845586
- conda: https://conda.anaconda.org/conda-forge/osx-64/libgfortran-15.2.0-h7e5c614_15.conda
  sha256: 7bb4d51348e8f7c1a565df95f4fc2a2021229d42300aab8366eda0ea1af90587
  md5: a089323fefeeaba2ae60e1ccebf86ddc
  depends:
  - libgfortran5 15.2.0 hd16e46c_15
  constrains:
  - libgfortran-ng ==15.2.0=*_15
  license: GPL-3.0-only WITH GCC-exception-3.1
  license_family: GPL
  size: 139002
  timestamp: 1764839892631
- conda: https://conda.anaconda.org/conda-forge/osx-arm64/libgfortran-15.2.0-h07b0088_16.conda
  sha256: 68a6c1384d209f8654112c4c57c68c540540dd8e09e17dd1facf6cf3467798b5
  md5: 11e09edf0dde4c288508501fe621bab4
  depends:
  - libgfortran5 15.2.0 hdae7583_16
  constrains:
  - libgfortran-ng ==15.2.0=*_16
  license: GPL-3.0-only WITH GCC-exception-3.1
  license_family: GPL
  size: 138630
  timestamp: 1765259217400
- conda: https://conda.anaconda.org/conda-forge/win-64/libgfortran-15.2.0-h719f0c7_16.conda
  sha256: 88b1a14435c4252657dd0173e95cb1d6e5251e44bfc19b85fcc7ea690ca5c88c
  md5: 15a5c996dd00931cc1da361fd04c1e22
  depends:
  - libgfortran5 15.2.0 h44d81a7_16
  constrains:
  - libgfortran-ng ==15.2.0=*_16
  license: GPL-3.0-only WITH GCC-exception-3.1
  license_family: GPL
  size: 50648
  timestamp: 1765260658211
- conda: https://conda.anaconda.org/conda-forge/linux-64/libgfortran5-15.2.0-h68bc16d_16.conda
  sha256: d0e974ebc937c67ae37f07a28edace978e01dc0f44ee02f29ab8a16004b8148b
  md5: 39183d4e0c05609fd65f130633194e37
  depends:
  - __glibc >=2.17,<3.0.a0
  - libgcc >=15.2.0
  constrains:
  - libgfortran 15.2.0
  license: GPL-3.0-only WITH GCC-exception-3.1
  license_family: GPL
  size: 2480559
  timestamp: 1765256819588
- conda: https://conda.anaconda.org/conda-forge/osx-64/libgfortran5-15.2.0-hd16e46c_15.conda
  sha256: 456385a7d3357d5fdfc8e11bf18dcdf71753c4016c440f92a2486057524dd59a
  md5: c2a6149bf7f82774a0118b9efef966dd
  depends:
  - libgcc >=15.2.0
  constrains:
  - libgfortran 15.2.0
  license: GPL-3.0-only WITH GCC-exception-3.1
  license_family: GPL
  size: 1061950
  timestamp: 1764839609607
- conda: https://conda.anaconda.org/conda-forge/osx-arm64/libgfortran5-15.2.0-hdae7583_16.conda
  sha256: 9fb7f4ff219e3fb5decbd0ee90a950f4078c90a86f5d8d61ca608c913062f9b0
  md5: 265a9d03461da24884ecc8eb58396d57
  depends:
  - libgcc >=15.2.0
  constrains:
  - libgfortran 15.2.0
  license: GPL-3.0-only WITH GCC-exception-3.1
  license_family: GPL
  size: 598291
  timestamp: 1765258993165
- conda: https://conda.anaconda.org/conda-forge/win-64/libgfortran5-15.2.0-h44d81a7_16.conda
  sha256: f7a411d0f08c5ce309a75a6c34649d14df25c8f40b875b9f2cef3e13a111c827
  md5: bdad99bd951227c33aea83249e239020
  depends:
  - libgcc >=15.2.0
  - libwinpthread >=12.0.0.r4.gg4f2fc60ca
  constrains:
  - libgfortran 15.2.0
  license: GPL-3.0-only WITH GCC-exception-3.1
  license_family: GPL
  size: 2790907
  timestamp: 1765260451700
- conda: https://conda.anaconda.org/conda-forge/linux-64/libgomp-15.2.0-he0feb66_16.conda
  sha256: 5b3e5e4e9270ecfcd48f47e3a68f037f5ab0f529ccb223e8e5d5ac75a58fc687
  md5: 26c46f90d0e727e95c6c9498a33a09f3
  depends:
  - __glibc >=2.17,<3.0.a0
  license: GPL-3.0-only WITH GCC-exception-3.1
  license_family: GPL
  size: 603284
  timestamp: 1765256703881
- conda: https://conda.anaconda.org/conda-forge/win-64/libgomp-15.2.0-h8ee18e1_16.conda
  sha256: 9c86aadc1bd9740f2aca291da8052152c32dd1c617d5d4fd0f334214960649bb
  md5: ab8189163748f95d4cb18ea1952943c3
  depends:
  - libwinpthread >=12.0.0.r4.gg4f2fc60ca
  constrains:
  - msys2-conda-epoch <0.0a0
  license: GPL-3.0-only WITH GCC-exception-3.1
  license_family: GPL
  size: 663567
  timestamp: 1765260367147
- conda: https://conda.anaconda.org/conda-forge/linux-64/libstdcxx-15.2.0-h934c35e_16.conda
  sha256: 813427918316a00c904723f1dfc3da1bbc1974c5cfe1ed1e704c6f4e0798cbc6
  md5: 68f68355000ec3f1d6f26ea13e8f525f
  depends:
  - __glibc >=2.17,<3.0.a0
  - libgcc 15.2.0 he0feb66_16
  constrains:
  - libstdcxx-ng ==15.2.0=*_16
  license: GPL-3.0-only WITH GCC-exception-3.1
  license_family: GPL
  size: 5856456
  timestamp: 1765256838573
- conda: https://conda.anaconda.org/conda-forge/win-64/libstdcxx-15.2.0-hae5796f_16.conda
  sha256: 6d4b74aa2b668ea3927615055ff7557c50628f073a00a504d3fbedbb6eccca43
  md5: 7ca89b8b412282e8b8b644f55056279e
  depends:
  - libgcc 15.2.0 h8ee18e1_16
  - libwinpthread >=12.0.0.r4.gg4f2fc60ca
  constrains:
  - libstdcxx-ng ==15.2.0=*_16
  license: GPL-3.0-only WITH GCC-exception-3.1
  license_family: GPL
  size: 6461950
  timestamp: 1765260469617
- conda: https://conda.anaconda.org/conda-forge/win-64/libwinpthread-12.0.0.r4.gg4f2fc60ca-h57928b3_10.conda
  sha256: 0fccf2d17026255b6e10ace1f191d0a2a18f2d65088fd02430be17c701f8ffe0
  md5: 8a86073cf3b343b87d03f41790d8b4e5
  depends:
  - ucrt
  constrains:
  - pthreads-win32 <0.0a0
  - msys2-conda-epoch <0.0a0
  license: MIT AND BSD-3-Clause-Clear
  size: 36621
  timestamp: 1759768399557
- conda: https://conda.anaconda.org/conda-forge/osx-64/llvm-openmp-21.1.8-h472b3d1_0.conda
  sha256: 2a41885f44cbc1546ff26369924b981efa37a29d20dc5445b64539ba240739e6
  md5: e2d811e9f464dd67398b4ce1f9c7c872
  depends:
  - __osx >=10.13
  constrains:
  - openmp 21.1.8|21.1.8.*
  - intel-openmp <0.0a0
  license: Apache-2.0 WITH LLVM-exception
  license_family: APACHE
  size: 311405
  timestamp: 1765965194247
- conda: https://conda.anaconda.org/conda-forge/osx-arm64/llvm-openmp-21.1.8-h4a912ad_0.conda
  sha256: 56bcd20a0a44ddd143b6ce605700fdf876bcf5c509adc50bf27e76673407a070
  md5: 206ad2df1b5550526e386087bef543c7
  depends:
  - __osx >=11.0
  constrains:
  - openmp 21.1.8|21.1.8.*
  - intel-openmp <0.0a0
  license: Apache-2.0 WITH LLVM-exception
  license_family: APACHE
  size: 285974
  timestamp: 1765964756583
- conda: https://conda.anaconda.org/conda-forge/win-64/ucrt-10.0.26100.0-h57928b3_0.conda
  sha256: 3005729dce6f3d3f5ec91dfc49fc75a0095f9cd23bab49efb899657297ac91a5
  md5: 71b24316859acd00bdb8b38f5e2ce328
  constrains:
  - vc14_runtime >=14.29.30037
  - vs2015_runtime >=14.29.30037
  license: LicenseRef-MicrosoftWindowsSDK10
  size: 694692
  timestamp: 1756385147981
